
Microsoft Visual Studio Solution File, Format Version 12.00
# Visual Studio Version 17
VisualStudioVersion = 17.13.35828.75 d17.13
MinimumVisualStudioVersion = 10.0.40219.1
Project("{FAE04EC0-301F-11D3-BF4B-00C04F79EFBC}") = "LeetCodeProblems", "LeetCodeProblems\LeetCodeProblems.csproj", "{673650C1-44BE-45CC-B6EC-16DDED8FC139}"
EndProject
Project("{FAE04EC0-301F-11D3-BF4B-00C04F79EFBC}") = "ProjectEulerProblems", "ProjectEulerProblems\ProjectEulerProblems.csproj", "{77830E8D-DC58-417C-82D7-5CA0F77E77DD}"
EndProject
Project("{FAE04EC0-301F-11D3-BF4B-00C04F79EFBC}") = "PersonalProblems", "PersonalProblems\PersonalProblems.csproj", "{2285C00D-F70D-4239-8551-47AE95B69A79}"
EndProject
Project("{FAE04EC0-301F-11D3-BF4B-00C04F79EFBC}") = "TestProjectTests", "TestProjectTests\TestProjectTests.csproj", "{65F7DC2A-BC5D-4B21-9095-F1D37B2C3324}"
EndProject
Global
	GlobalSection(SolutionConfigurationPlatforms) = preSolution
		Debug|Any CPU = Debug|Any CPU
		Release|Any CPU = Release|Any CPU
	EndGlobalSection
	GlobalSection(ProjectConfigurationPlatforms) = postSolution
		{673650C1-44BE-45CC-B6EC-16DDED8FC139}.Debug|Any CPU.ActiveCfg = Debug|Any CPU
		{673650C1-44BE-45CC-B6EC-16DDED8FC139}.Debug|Any CPU.Build.0 = Debug|Any CPU
		{673650C1-44BE-45CC-B6EC-16DDED8FC139}.Release|Any CPU.ActiveCfg = Release|Any CPU
		{673650C1-44BE-45CC-B6EC-16DDED8FC139}.Release|Any CPU.Build.0 = Release|Any CPU
		{77830E8D-DC58-417C-82D7-5CA0F77E77DD}.Debug|Any CPU.ActiveCfg = Debug|Any CPU
		{77830E8D-DC58-417C-82D7-5CA0F77E77DD}.Debug|Any CPU.Build.0 = Debug|Any CPU
		{77830E8D-DC58-417C-82D7-5CA0F77E77DD}.Release|Any CPU.ActiveCfg = Release|Any CPU
		{77830E8D-DC58-417C-82D7-5CA0F77E77DD}.Release|Any CPU.Build.0 = Release|Any CPU
		{2285C00D-F70D-4239-8551-47AE95B69A79}.Debug|Any CPU.ActiveCfg = Debug|Any CPU
		{2285C00D-F70D-4239-8551-47AE95B69A79}.Debug|Any CPU.Build.0 = Debug|Any CPU
		{2285C00D-F70D-4239-8551-47AE95B69A79}.Release|Any CPU.ActiveCfg = Release|Any CPU
		{2285C00D-F70D-4239-8551-47AE95B69A79}.Release|Any CPU.Build.0 = Release|Any CPU
		{65F7DC2A-BC5D-4B21-9095-F1D37B2C3324}.Debug|Any CPU.ActiveCfg = Debug|Any CPU
		{65F7DC2A-BC5D-4B21-9095-F1D37B2C3324}.Debug|Any CPU.Build.0 = Debug|Any CPU
		{65F7DC2A-BC5D-4B21-9095-F1D37B2C3324}.Release|Any CPU.ActiveCfg = Release|Any CPU
		{65F7DC2A-BC5D-4B21-9095-F1D37B2C3324}.Release|Any CPU.Build.0 = Release|Any CPU
	EndGlobalSection
	GlobalSection(SolutionProperties) = preSolution
		HideSolutionNode = FALSE
	EndGlobalSection
	GlobalSection(ExtensibilityGlobals) = postSolution
		SolutionGuid = {C03F0A15-2B1B-499B-8A92-55E3C69068F0}
	EndGlobalSection
EndGlobal
